
Microsoft Visual Studio Solution File, Format Version 12.00
# Visual Studio Version 17
VisualStudioVersion = 17.3.32929.385
MinimumVisualStudioVersion = 10.0.40219.1
Project("{FAE04EC0-301F-11D3-BF4B-00C04F79EFBC}") = "Remote", "Remote\Remote.csproj", "{497D63E0-8298-4613-ACE7-3D0C764C510E}"
EndProject
Global
	GlobalSection(SolutionConfigurationPlatforms) = preSolution
		Debug|Any CPU = Debug|Any CPU
		Release|Any CPU = Release|Any CPU
	EndGlobalSection
	GlobalSection(ProjectConfigurationPlatforms) = postSolution
		{497D63E0-8298-4613-ACE7-3D0C764C510E}.Debug|Any CPU.ActiveCfg = Debug|Any CPU
		{497D63E0-8298-4613-ACE7-3D0C764C510E}.Debug|Any CPU.Build.0 = Debug|Any CPU
		{497D63E0-8298-4613-ACE7-3D0C764C510E}.Release|Any CPU.ActiveCfg = Release|Any CPU
		{497D63E0-8298-4613-ACE7-3D0C764C510E}.Release|Any CPU.Build.0 = Release|Any CPU
	EndGlobalSection
	GlobalSection(SolutionProperties) = preSolution
		HideSolutionNode = FALSE
	EndGlobalSection
	GlobalSection(ExtensibilityGlobals) = postSolution
		SolutionGuid = {DA812947-C264-47DB-8070-C18699B71163}
	EndGlobalSection
EndGlobal
